// !$*UTF8*$!
{
	archiveVersion = 1;
	classes = {
	};
	objectVersion = 50;
	objects = {

/* Begin PBXBuildFile section */
		8412185125FFB44C00F7FCB3 /* Shape.swift in Sources */ = {isa = PBXBuildFile; fileRef = 8412185025FFB44C00F7FCB3 /* Shape.swift */; };
		8412185725FFCDEC00F7FCB3 /* BitMaskCategory.swift in Sources */ = {isa = PBXBuildFile; fileRef = 8412185625FFCDEC00F7FCB3 /* BitMaskCategory.swift */; };
		84C1E3CB25FDE0BB00221505 /* AppDelegate.swift in Sources */ = {isa = PBXBuildFile; fileRef = 84C1E3CA25FDE0BB00221505 /* AppDelegate.swift */; };
		84C1E3CD25FDE0BB00221505 /* art.scnassets in Resources */ = {isa = PBXBuildFile; fileRef = 84C1E3CC25FDE0BB00221505 /* art.scnassets */; };
		84C1E3CF25FDE0BB00221505 /* ViewController.swift in Sources */ = {isa = PBXBuildFile; fileRef = 84C1E3CE25FDE0BB00221505 /* ViewController.swift */; };
		84C1E3D225FDE0BB00221505 /* Main.storyboard in Resources */ = {isa = PBXBuildFile; fileRef = 84C1E3D025FDE0BB00221505 /* Main.storyboard */; };
		84C1E3D425FDE0BC00221505 /* Assets.xcassets in Resources */ = {isa = PBXBuildFile; fileRef = 84C1E3D325FDE0BC00221505 /* Assets.xcassets */; };
		84C1E3D725FDE0BC00221505 /* LaunchScreen.storyboard in Resources */ = {isa = PBXBuildFile; fileRef = 84C1E3D525FDE0BC00221505 /* LaunchScreen.storyboard */; };
/* End PBXBuildFile section */

/* Begin PBXFileReference section */
		8412185025FFB44C00F7FCB3 /* Shape.swift */ = {isa = PBXFileReference; lastKnownFileType = sourcecode.swift; path = Shape.swift; sourceTree = "<group>"; };
		8412185625FFCDEC00F7FCB3 /* BitMaskCategory.swift */ = {isa = PBXFileReference; lastKnownFileType = sourcecode.swift; path = BitMaskCategory.swift; sourceTree = "<group>"; };
		84C1E3C725FDE0BB00221505 /* ARGame.app */ = {isa = PBXFileReference; explicitFileType = wrapper.application; includeInIndex = 0; path = ARGame.app; sourceTree = BUILT_PRODUCTS_DIR; };
		84C1E3CA25FDE0BB00221505 /* AppDelegate.swift */ = {isa = PBXFileReference; lastKnownFileType = sourcecode.swift; path = AppDelegate.swift; sourceTree = "<group>"; };
		84C1E3CC25FDE0BB00221505 /* art.scnassets */ = {isa = PBXFileReference; lastKnownFileType = wrapper.scnassets; path = art.scnassets; sourceTree = "<group>"; };
		84C1E3CE25FDE0BB00221505 /* ViewController.swift */ = {isa = PBXFileReference; lastKnownFileType = sourcecode.swift; path = ViewController.swift; sourceTree = "<group>"; };
		84C1E3D125FDE0BB00221505 /* Base */ = {isa = PBXFileReference; lastKnownFileType = file.storyboard; name = Base; path = Base.lproj/Main.storyboard; sourceTree = "<group>"; };
		84C1E3D325FDE0BC00221505 /* Assets.xcassets */ = {isa = PBXFileReference; lastKnownFileType = folder.assetcatalog; path = Assets.xcassets; sourceTree = "<group>"; };
		84C1E3D625FDE0BC00221505 /* Base */ = {isa = PBXFileReference; lastKnownFileType = file.storyboard; name = Base; path = Base.lproj/LaunchScreen.storyboard; sourceTree = "<group>"; };
		84C1E3D825FDE0BC00221505 /* Info.plist */ = {isa = PBXFileReference; lastKnownFileType = text.plist.xml; path = Info.plist; sourceTree = "<group>"; };
/* End PBXFileReference section */

/* Begin PBXFrameworksBuildPhase section */
		84C1E3C425FDE0BB00221505 /* Frameworks */ = {
			isa = PBXFrameworksBuildPhase;
			buildActionMask = 2147483647;
			files = (
			);
			runOnlyForDeploymentPostprocessing = 0;
		};
/* End PBXFrameworksBuildPhase section */

/* Begin PBXGroup section */
		84C1E3BE25FDE0BB00221505 = {
			isa = PBXGroup;
			children = (
				84C1E3C925FDE0BB00221505 /* ARGame */,
				84C1E3C825FDE0BB00221505 /* Products */,
			);
			sourceTree = "<group>";
		};
		84C1E3C825FDE0BB00221505 /* Products */ = {
			isa = PBXGroup;
			children = (
				84C1E3C725FDE0BB00221505 /* ARGame.app */,
			);
			name = Products;
			sourceTree = "<group>";
		};
		84C1E3C925FDE0BB00221505 /* ARGame */ = {
			isa = PBXGroup;
			children = (
				84C1E3CA25FDE0BB00221505 /* AppDelegate.swift */,
				8412185025FFB44C00F7FCB3 /* Shape.swift */,
				84C1E3CC25FDE0BB00221505 /* art.scnassets */,
				84C1E3CE25FDE0BB00221505 /* ViewController.swift */,
				84C1E3D025FDE0BB00221505 /* Main.storyboard */,
				84C1E3D325FDE0BC00221505 /* Assets.xcassets */,
				84C1E3D525FDE0BC00221505 /* LaunchScreen.storyboard */,
				84C1E3D825FDE0BC00221505 /* Info.plist */,
				8412185625FFCDEC00F7FCB3 /* BitMaskCategory.swift */,
			);
			path = ARGame;
			sourceTree = "<group>";
		};
/* End PBXGroup section */

/* Begin PBXNativeTarget section */
		84C1E3C625FDE0BB00221505 /* ARGame */ = {
			isa = PBXNativeTarget;
			buildConfigurationList = 84C1E3DB25FDE0BC00221505 /* Build configuration list for PBXNativeTarget "ARGame" */;
			buildPhases = (
				84C1E3C325FDE0BB00221505 /* Sources */,
				84C1E3C425FDE0BB00221505 /* Frameworks */,
				84C1E3C525FDE0BB00221505 /* Resources */,
			);
			buildRules = (
			);
			dependencies = (
			);
			name = ARGame;
			productName = ARGame;
			productReference = 84C1E3C725FDE0BB00221505 /* ARGame.app */;
			productType = "com.apple.product-type.application";
		};
/* End PBXNativeTarget section */

/* Begin PBXProject section */
		84C1E3BF25FDE0BB00221505 /* Project object */ = {
			isa = PBXProject;
			attributes = {
				LastSwiftUpdateCheck = 1200;
				LastUpgradeCheck = 1200;
				TargetAttributes = {
					84C1E3C625FDE0BB00221505 = {
						CreatedOnToolsVersion = 12.0;
					};
				};
			};
			buildConfigurationList = 84C1E3C225FDE0BB00221505 /* Build configuration list for PBXProject "ARGame" */;
			compatibilityVersion = "Xcode 9.3";
			developmentRegion = en;
			hasScannedForEncodings = 0;
			knownRegions = (
				en,
				Base,
			);
			mainGroup = 84C1E3BE25FDE0BB00221505;
			productRefGroup = 84C1E3C825FDE0BB00221505 /* Products */;
			projectDirPath = "";
			projectRoot = "";
			targets = (
				84C1E3C625FDE0BB00221505 /* ARGame */,
			);
		};
/* End PBXProject section */

/* Begin PBXResourcesBuildPhase section */
		84C1E3C525FDE0BB00221505 /* Resources */ = {
			isa = PBXResourcesBuildPhase;
			buildActionMask = 2147483647;
			files = (
				84C1E3CD25FDE0BB00221505 /* art.scnassets in Resources */,
				84C1E3D725FDE0BC00221505 /* LaunchScreen.storyboard in Resources */,
				84C1E3D425FDE0BC00221505 /* Assets.xcassets in Resources */,
				84C1E3D225FDE0BB00221505 /* Main.storyboard in Resources */,
			);
			runOnlyForDeploymentPostprocessing = 0;
		};
/* End PBXResourcesBuildPhase section */

/* Begin PBXSourcesBuildPhase section */
		84C1E3C325FDE0BB00221505 /* Sources */ = {
			isa = PBXSourcesBuildPhase;
			buildActionMask = 2147483647;
			files = (
				84C1E3CF25FDE0BB00221505 /* ViewController.swift in Sources */,
				8412185725FFCDEC00F7FCB3 /* BitMaskCategory.swift in Sources */,
				8412185125FFB44C00F7FCB3 /* Shape.swift in Sources */,
				84C1E3CB25FDE0BB00221505 /* AppDelegate.swift in Sources */,
			);
			runOnlyForDeploymentPostprocessing = 0;
		};
/* End PBXSourcesBuildPhase section */

/* Begin PBXVariantGroup section */
		84C1E3D025FDE0BB00221505 /* Main.storyboard */ = {
			isa = PBXVariantGroup;
			children = (
				84C1E3D125FDE0BB00221505 /* Base */,
			);
			name = Main.storyboard;
			sourceTree = "<group>";
		};
		84C1E3D525FDE0BC00221505 /* LaunchScreen.storyboard */ = {
			isa = PBXVariantGroup;
			children = (
				84C1E3D625FDE0BC00221505 /* Base */,
			);
			name = LaunchScreen.storyboard;
			sourceTree = "<group>";
		};
/* End PBXVariantGroup section */

/* Begin XCBuildConfiguration section */
		84C1E3D925FDE0BC00221505 /* Debug */ = {
			isa = XCBuildConfiguration;
			buildSettings = {
				ALWAYS_SEARCH_USER_PATHS = NO;
				CLANG_ANALYZER_NONNULL = YES;
				CLANG_ANALYZER_NUMBER_OBJECT_CONVERSION = YES_AGGRESSIVE;
				CLANG_CXX_LANGUAGE_STANDARD = "gnu++14";
				CLANG_CXX_LIBRARY = "libc++";
				CLANG_ENABLE_MODULES = YES;
				CLANG_ENABLE_OBJC_ARC = YES;
				CLANG_ENABLE_OBJC_WEAK = YES;
				CLANG_WARN_BLOCK_CAPTURE_AUTORELEASING = YES;
				CLANG_WARN_BOOL_CONVERSION = YES;
				CLANG_WARN_COMMA = YES;
				CLANG_WARN_CONSTANT_CONVERSION = YES;
				CLANG_WARN_DEPRECATED_OBJC_IMPLEMENTATIONS = YES;
				CLANG_WARN_DIRECT_OBJC_ISA_USAGE = YES_ERROR;
				CLANG_WARN_DOCUMENTATION_COMMENTS = YES;
				CLANG_WARN_EMPTY_BODY = YES;
				CLANG_WARN_ENUM_CONVERSION = YES;
				CLANG_WARN_INFINITE_RECURSION = YES;
				CLANG_WARN_INT_CONVERSION = YES;
				CLANG_WARN_NON_LITERAL_NULL_CONVERSION = YES;
				CLANG_WARN_OBJC_IMPLICIT_RETAIN_SELF = YES;
				CLANG_WARN_OBJC_LITERAL_CONVERSION = YES;
				CLANG_WARN_OBJC_ROOT_CLASS = YES_ERROR;
				CLANG_WARN_QUOTED_INCLUDE_IN_FRAMEWORK_HEADER = YES;
				CLANG_WARN_RANGE_LOOP_ANALYSIS = YES;
				CLANG_WARN_STRICT_PROTOTYPES = YES;
				CLANG_WARN_SUSPICIOUS_MOVE = YES;
				CLANG_WARN_UNGUARDED_AVAILABILITY = YES_AGGRESSIVE;
				CLANG_WARN_UNREACHABLE_CODE = YES;
				CLANG_WARN__DUPLICATE_METHOD_MATCH = YES;
				COPY_PHASE_STRIP = NO;
				DEBUG_INFORMATION_FORMAT = dwarf;
				ENABLE_STRICT_OBJC_MSGSEND = YES;
				ENABLE_TESTABILITY = YES;
				GCC_C_LANGUAGE_STANDARD = gnu11;
				GCC_DYNAMIC_NO_PIC = NO;
				GCC_NO_COMMON_BLOCKS = YES;
				GCC_OPTIMIZATION_LEVEL = 0;
				GCC_PREPROCESSOR_DEFINITIONS = (
					"DEBUG=1",
					"$(inherited)",
				);
				GCC_WARN_64_TO_32_BIT_CONVERSION = YES;
				GCC_WARN_ABOUT_RETURN_TYPE = YES_ERROR;
				GCC_WARN_UNDECLARED_SELECTOR = YES;
				GCC_WARN_UNINITIALIZED_AUTOS = YES_AGGRESSIVE;
				GCC_WARN_UNUSED_FUNCTION = YES;
				GCC_WARN_UNUSED_VARIABLE = YES;
				IPHONEOS_DEPLOYMENT_TARGET = 13.6;
				MTL_ENABLE_DEBUG_INFO = INCLUDE_SOURCE;
				MTL_FAST_MATH = YES;
				ONLY_ACTIVE_ARCH = YES;
				SDKROOT = iphoneos;
				SWIFT_ACTIVE_COMPILATION_CONDITIONS = DEBUG;
				SWIFT_OPTIMIZATION_LEVEL = "-Onone";
			};
			name = Debug;
		};
		84C1E3DA25FDE0BC00221505 /* Release */ = {
			isa = XCBuildConfiguration;
			buildSettings = {
				ALWAYS_SEARCH_USER_PATHS = NO;
				CLANG_ANALYZER_NONNULL = YES;
				CLANG_ANALYZER_NUMBER_OBJECT_CONVERSION = YES_AGGRESSIVE;
				CLANG_CXX_LANGUAGE_STANDARD = "gnu++14";
				CLANG_CXX_LIBRARY = "libc++";
				CLANG_ENABLE_MODULES = YES;
				CLANG_ENABLE_OBJC_ARC = YES;
				CLANG_ENABLE_OBJC_WEAK = YES;
				CLANG_WARN_BLOCK_CAPTURE_AUTORELEASING = YES;
				CLANG_WARN_BOOL_CONVERSION = YES;
				CLANG_WARN_COMMA = YES;
				CLANG_WARN_CONSTANT_CONVERSION = YES;
				CLANG_WARN_DEPRECATED_OBJC_IMPLEMENTATIONS = YES;
				CLANG_WARN_DIRECT_OBJC_ISA_USAGE = YES_ERROR;
				CLANG_WARN_DOCUMENTATION_COMMENTS = YES;
				CLANG_WARN_EMPTY_BODY = YES;
				CLANG_WARN_ENUM_CONVERSION = YES;
				CLANG_WARN_INFINITE_RECURSION = YES;
				CLANG_WARN_INT_CONVERSION = YES;
				CLANG_WARN_NON_LITERAL_NULL_CONVERSION = YES;
				CLANG_WARN_OBJC_IMPLICIT_RETAIN_SELF = YES;
				CLANG_WARN_OBJC_LITERAL_CONVERSION = YES;
				CLANG_WARN_OBJC_ROOT_CLASS = YES_ERROR;
				CLANG_WARN_QUOTED_INCLUDE_IN_FRAMEWORK_HEADER = YES;
				CLANG_WARN_RANGE_LOOP_ANALYSIS = YES;
				CLANG_WARN_STRICT_PROTOTYPES = YES;
				CLANG_WARN_SUSPICIOUS_MOVE = YES;
				CLANG_WARN_UNGUARDED_AVAILABILITY = YES_AGGRESSIVE;
				CLANG_WARN_UNREACHABLE_CODE = YES;
				CLANG_WARN__DUPLICATE_METHOD_MATCH = YES;
				COPY_PHASE_STRIP = NO;
				DEBUG_INFORMATION_FORMAT = "dwarf-with-dsym";
				ENABLE_NS_ASSERTIONS = NO;
				ENABLE_STRICT_OBJC_MSGSEND = YES;
				GCC_C_LANGUAGE_STANDARD = gnu11;
				GCC_NO_COMMON_BLOCKS = YES;
				GCC_WARN_64_TO_32_BIT_CONVERSION = YES;
				GCC_WARN_ABOUT_RETURN_TYPE = YES_ERROR;
				GCC_WARN_UNDECLARED_SELECTOR = YES;
				GCC_WARN_UNINITIALIZED_AUTOS = YES_AGGRESSIVE;
				GCC_WARN_UNUSED_FUNCTION = YES;
				GCC_WARN_UNUSED_VARIABLE = YES;
				IPHONEOS_DEPLOYMENT_TARGET = 13.6;
				MTL_ENABLE_DEBUG_INFO = NO;
				MTL_FAST_MATH = YES;
				SDKROOT = iphoneos;
				SWIFT_COMPILATION_MODE = wholemodule;
				SWIFT_OPTIMIZATION_LEVEL = "-O";
				VALIDATE_PRODUCT = YES;
			};
			name = Release;
		};
		84C1E3DC25FDE0BC00221505 /* Debug */ = {
			isa = XCBuildConfiguration;
			buildSettings = {
				ASSETCATALOG_COMPILER_APPICON_NAME = AppIcon;
				ASSETCATALOG_COMPILER_GLOBAL_ACCENT_COLOR_NAME = AccentColor;
				CODE_SIGN_STYLE = Automatic;
				DEVELOPMENT_TEAM = 5549XF852R;
				INFOPLIST_FILE = ARGame/Info.plist;
				IPHONEOS_DEPLOYMENT_TARGET = 13.6;
				LD_RUNPATH_SEARCH_PATHS = (
					"$(inherited)",
					"@executable_path/Frameworks",
				);
				PRODUCT_BUNDLE_IDENTIFIER = alexInc.ARGame;
				PRODUCT_NAME = "$(TARGET_NAME)";
				SWIFT_VERSION = 5.0;
				TARGETED_DEVICE_FAMILY = "1,2";
			};
			name = Debug;
		};
		84C1E3DD25FDE0BC00221505 /* Release */ = {
			isa = XCBuildConfiguration;
			buildSettings = {
				ASSETCATALOG_COMPILER_APPICON_NAME = AppIcon;
				ASSETCATALOG_COMPILER_GLOBAL_ACCENT_COLOR_NAME = AccentColor;
				CODE_SIGN_STYLE = Automatic;
				DEVELOPMENT_TEAM = 5549XF852R;
				INFOPLIST_FILE = ARGame/Info.plist;
				IPHONEOS_DEPLOYMENT_TARGET = 13.6;
				LD_RUNPATH_SEARCH_PATHS = (
					"$(inherited)",
					"@executable_path/Frameworks",
				);
				PRODUCT_BUNDLE_IDENTIFIER = alexInc.ARGame;
				PRODUCT_NAME = "$(TARGET_NAME)";
				SWIFT_VERSION = 5.0;
				TARGETED_DEVICE_FAMILY = "1,2";
			};
			name = Release;
		};
/* End XCBuildConfiguration section */

/* Begin XCConfigurationList section */
		84C1E3C225FDE0BB00221505 /* Build configuration list for PBXProject "ARGame" */ = {
			isa = XCConfigurationList;
			buildConfigurations = (
				84C1E3D925FDE0BC00221505 /* Debug */,
				84C1E3DA25FDE0BC00221505 /* Release */,
			);
			defaultConfigurationIsVisible = 0;
			defaultConfigurationName = Release;
		};
		84C1E3DB25FDE0BC00221505 /* Build configuration list for PBXNativeTarget "ARGame" */ = {
			isa = XCConfigurationList;
			buildConfigurations = (
				84C1E3DC25FDE0BC00221505 /* Debug */,
				84C1E3DD25FDE0BC00221505 /* Release */,
			);
			defaultConfigurationIsVisible = 0;
			defaultConfigurationName = Release;
		};
/* End XCConfigurationList section */
	};
	rootObject = 84C1E3BF25FDE0BB00221505 /* Project object */;
}
